
Microsoft Visual Studio Solution File, Format Version 12.00
# Visual Studio 15
VisualStudioVersion = 15.0.27004.2008
MinimumVisualStudioVersion = 10.0.40219.1
Project("{9A19103F-16F7-4668-BE54-9A1E7A4F7556}") = "Cogito.AspNetCore.ServiceModel", "Cogito.AspNetCore.ServiceModel\Cogito.AspNetCore.ServiceModel.csproj", "{721D1D80-AF90-4DBD-84FF-68DA67D74CF0}"
EndProject
Project("{9A19103F-16F7-4668-BE54-9A1E7A4F7556}") = "Cogito.AspNetCore.ServiceModel.Service", "Cogito.AspNetCore.ServiceModel.Service\Cogito.AspNetCore.ServiceModel.Service.csproj", "{7F9124FA-BE0D-40A3-9FEB-36B910E2D420}"
EndProject
Project("{FAE04EC0-301F-11D3-BF4B-00C04F79EFBC}") = "Cogito.AspNetCore.ServiceModel.Tests", "Cogito.AspNetCore.ServiceModel.Tests\Cogito.AspNetCore.ServiceModel.Tests.csproj", "{34161F71-F38C-4660-9300-04830DDF624E}"
EndProject
Global
	GlobalSection(SolutionConfigurationPlatforms) = preSolution
		Debug|Any CPU = Debug|Any CPU
		Release|Any CPU = Release|Any CPU
	EndGlobalSection
	GlobalSection(ProjectConfigurationPlatforms) = postSolution
		{721D1D80-AF90-4DBD-84FF-68DA67D74CF0}.Debug|Any CPU.ActiveCfg = Debug|Any CPU
		{721D1D80-AF90-4DBD-84FF-68DA67D74CF0}.Debug|Any CPU.Build.0 = Debug|Any CPU
		{721D1D80-AF90-4DBD-84FF-68DA67D74CF0}.Release|Any CPU.ActiveCfg = Release|Any CPU
		{721D1D80-AF90-4DBD-84FF-68DA67D74CF0}.Release|Any CPU.Build.0 = Release|Any CPU
		{7F9124FA-BE0D-40A3-9FEB-36B910E2D420}.Debug|Any CPU.ActiveCfg = Debug|Any CPU
		{7F9124FA-BE0D-40A3-9FEB-36B910E2D420}.Debug|Any CPU.Build.0 = Debug|Any CPU
		{7F9124FA-BE0D-40A3-9FEB-36B910E2D420}.Release|Any CPU.ActiveCfg = Release|Any CPU
		{7F9124FA-BE0D-40A3-9FEB-36B910E2D420}.Release|Any CPU.Build.0 = Release|Any CPU
		{34161F71-F38C-4660-9300-04830DDF624E}.Debug|Any CPU.ActiveCfg = Debug|Any CPU
		{34161F71-F38C-4660-9300-04830DDF624E}.Debug|Any CPU.Build.0 = Debug|Any CPU
		{34161F71-F38C-4660-9300-04830DDF624E}.Release|Any CPU.ActiveCfg = Release|Any CPU
		{34161F71-F38C-4660-9300-04830DDF624E}.Release|Any CPU.Build.0 = Release|Any CPU
	EndGlobalSection
	GlobalSection(SolutionProperties) = preSolution
		HideSolutionNode = FALSE
	EndGlobalSection
	GlobalSection(ExtensibilityGlobals) = postSolution
		SolutionGuid = {6E354373-F2E8-4910-B4AD-3B86AFE53CA8}
	EndGlobalSection
EndGlobal
